
Microsoft Visual Studio Solution File, Format Version 12.00
# Visual Studio Version 16
VisualStudioVersion = 16.0.31205.134
MinimumVisualStudioVersion = 10.0.40219.1
Project("{FAE04EC0-301F-11D3-BF4B-00C04F79EFBC}") = "BLDAL", "BLDAL\BLDAL.csproj", "{F6551411-2170-42EB-AB59-5D804E2F7D47}"
EndProject
Project("{FAE04EC0-301F-11D3-BF4B-00C04F79EFBC}") = "GUI", "GUI\GUI.csproj", "{B959B69B-D26B-41A6-831C-09D1DA933547}"
EndProject
Global
	GlobalSection(SolutionConfigurationPlatforms) = preSolution
		Debug|Any CPU = Debug|Any CPU
		Release|Any CPU = Release|Any CPU
	EndGlobalSection
	GlobalSection(ProjectConfigurationPlatforms) = postSolution
		{F6551411-2170-42EB-AB59-5D804E2F7D47}.Debug|Any CPU.ActiveCfg = Debug|Any CPU
		{F6551411-2170-42EB-AB59-5D804E2F7D47}.Debug|Any CPU.Build.0 = Debug|Any CPU
		{F6551411-2170-42EB-AB59-5D804E2F7D47}.Release|Any CPU.ActiveCfg = Release|Any CPU
		{F6551411-2170-42EB-AB59-5D804E2F7D47}.Release|Any CPU.Build.0 = Release|Any CPU
		{B959B69B-D26B-41A6-831C-09D1DA933547}.Debug|Any CPU.ActiveCfg = Debug|Any CPU
		{B959B69B-D26B-41A6-831C-09D1DA933547}.Debug|Any CPU.Build.0 = Debug|Any CPU
		{B959B69B-D26B-41A6-831C-09D1DA933547}.Release|Any CPU.ActiveCfg = Release|Any CPU
		{B959B69B-D26B-41A6-831C-09D1DA933547}.Release|Any CPU.Build.0 = Release|Any CPU
	EndGlobalSection
	GlobalSection(SolutionProperties) = preSolution
		HideSolutionNode = FALSE
	EndGlobalSection
	GlobalSection(ExtensibilityGlobals) = postSolution
		SolutionGuid = {FCA9A660-257D-4284-91C2-539BB0E359E6}
	EndGlobalSection
EndGlobal
